
Microsoft Visual Studio Solution File, Format Version 12.00
# Visual Studio Version 17
VisualStudioVersion = 17.2.32616.157
MinimumVisualStudioVersion = 10.0.40219.1
Project("{8BC9CEB8-8B4A-11D0-8D11-00A0C91BC942}") = "Count_of_page_and_digits", "Count_of_page_and_digits.vcxproj", "{EE3FC42C-E154-496C-80A5-782F91CA8B63}"
EndProject
Global
	GlobalSection(SolutionConfigurationPlatforms) = preSolution
		Debug|x64 = Debug|x64
		Debug|x86 = Debug|x86
		Release|x64 = Release|x64
		Release|x86 = Release|x86
	EndGlobalSection
	GlobalSection(ProjectConfigurationPlatforms) = postSolution
		{EE3FC42C-E154-496C-80A5-782F91CA8B63}.Debug|x64.ActiveCfg = Debug|x64
		{EE3FC42C-E154-496C-80A5-782F91CA8B63}.Debug|x64.Build.0 = Debug|x64
		{EE3FC42C-E154-496C-80A5-782F91CA8B63}.Debug|x86.ActiveCfg = Debug|Win32
		{EE3FC42C-E154-496C-80A5-782F91CA8B63}.Debug|x86.Build.0 = Debug|Win32
		{EE3FC42C-E154-496C-80A5-782F91CA8B63}.Release|x64.ActiveCfg = Release|x64
		{EE3FC42C-E154-496C-80A5-782F91CA8B63}.Release|x64.Build.0 = Release|x64
		{EE3FC42C-E154-496C-80A5-782F91CA8B63}.Release|x86.ActiveCfg = Release|Win32
		{EE3FC42C-E154-496C-80A5-782F91CA8B63}.Release|x86.Build.0 = Release|Win32
	EndGlobalSection
	GlobalSection(SolutionProperties) = preSolution
		HideSolutionNode = FALSE
	EndGlobalSection
	GlobalSection(ExtensibilityGlobals) = postSolution
		SolutionGuid = {93231E9F-5801-4F1D-8AB1-672497237979}
	EndGlobalSection
EndGlobal
